
Microsoft Visual Studio Solution File, Format Version 12.00
# Visual Studio Version 16
VisualStudioVersion = 16.0.31205.134
MinimumVisualStudioVersion = 10.0.40219.1
Project("{F184B08F-C81C-45F6-A57F-5ABD9991F28F}") = "GitApp", "GitApp.vbproj", "{DBEE407D-25F3-4D95-A07A-19867B284282}"
EndProject
Global
	GlobalSection(SolutionConfigurationPlatforms) = preSolution
		Debug|Any CPU = Debug|Any CPU
		Release|Any CPU = Release|Any CPU
	EndGlobalSection
	GlobalSection(ProjectConfigurationPlatforms) = postSolution
		{DBEE407D-25F3-4D95-A07A-19867B284282}.Debug|Any CPU.ActiveCfg = Debug|Any CPU
		{DBEE407D-25F3-4D95-A07A-19867B284282}.Debug|Any CPU.Build.0 = Debug|Any CPU
		{DBEE407D-25F3-4D95-A07A-19867B284282}.Release|Any CPU.ActiveCfg = Release|Any CPU
		{DBEE407D-25F3-4D95-A07A-19867B284282}.Release|Any CPU.Build.0 = Release|Any CPU
	EndGlobalSection
	GlobalSection(SolutionProperties) = preSolution
		HideSolutionNode = FALSE
	EndGlobalSection
	GlobalSection(ExtensibilityGlobals) = postSolution
		SolutionGuid = {0837C2AB-FF73-496F-9AF3-3773BC1B71C4}
	EndGlobalSection
EndGlobal
